
Microsoft Visual Studio Solution File, Format Version 12.00
# Visual Studio Version 17
VisualStudioVersion = 17.13.35931.197 d17.13
MinimumVisualStudioVersion = 10.0.40219.1
Project("{FAE04EC0-301F-11D3-BF4B-00C04F79EFBC}") = "QuickerSong", "QuickerSong.csproj", "{9CC9BB3F-8B03-A8C1-0601-F5D133FF6C01}"
EndProject
Global
	GlobalSection(SolutionConfigurationPlatforms) = preSolution
		Debug|Any CPU = Debug|Any CPU
		Release|Any CPU = Release|Any CPU
	EndGlobalSection
	GlobalSection(ProjectConfigurationPlatforms) = postSolution
		{9CC9BB3F-8B03-A8C1-0601-F5D133FF6C01}.Debug|Any CPU.ActiveCfg = Debug|Any CPU
		{9CC9BB3F-8B03-A8C1-0601-F5D133FF6C01}.Debug|Any CPU.Build.0 = Debug|Any CPU
		{9CC9BB3F-8B03-A8C1-0601-F5D133FF6C01}.Release|Any CPU.ActiveCfg = Release|Any CPU
		{9CC9BB3F-8B03-A8C1-0601-F5D133FF6C01}.Release|Any CPU.Build.0 = Release|Any CPU
	EndGlobalSection
	GlobalSection(SolutionProperties) = preSolution
		HideSolutionNode = FALSE
	EndGlobalSection
	GlobalSection(ExtensibilityGlobals) = postSolution
		SolutionGuid = {B5810122-9096-4B45-B64F-36DF3CBAB5BE}
	EndGlobalSection
EndGlobal
